PODS:
  - BoringSSL-GRPC (0.0.3):
    - BoringSSL-GRPC/Implementation (= 0.0.3)
    - BoringSSL-GRPC/Interface (= 0.0.3)
  - BoringSSL-GRPC/Implementation (0.0.3):
    - BoringSSL-GRPC/Interface (= 0.0.3)
  - BoringSSL-GRPC/Interface (0.0.3)
  - gRPC-Core (1.19.0):
    - gRPC-Core/Implementation (= 1.19.0)
    - gRPC-Core/Interface (= 1.19.0)
  - gRPC-Core/Implementation (1.19.0):
    - BoringSSL-GRPC (= 0.0.3)
    - gRPC-Core/Interface (= 1.19.0)
    - nanopb (~> 0.3)
  - gRPC-Core/Interface (1.19.0)
  - nanopb (0.3.901):
    - nanopb/decode (= 0.3.901)
    - nanopb/encode (= 0.3.901)
  - nanopb/decode (0.3.901)
  - nanopb/encode (0.3.901)
  - SwiftGRPC (0.9.1):
    - gRPC-Core (~> 1.19.0)
    - SwiftProtobuf (~> 1.5.0)
  - SwiftProtobuf (1.5.0)
  - SwiftyMarkdown (0.6.0)
  - TinkLink (0.1.0):
    - SwiftGRPC (~> 0.9.1)
  - TinkLink/Tests (0.1.0):
    - SwiftGRPC (~> 0.9.1)

DEPENDENCIES:
  - SwiftyMarkdown (~> 0.6)
  - TinkLink (from `../../`)
  - TinkLink/Tests (from `../../`)

SPEC REPOS:
  trunk:
    - BoringSSL-GRPC
    - gRPC-Core
    - nanopb
    - SwiftGRPC
    - SwiftProtobuf
    - SwiftyMarkdown

EXTERNAL SOURCES:
  TinkLink:
    :path: "../../"

SPEC CHECKSUMS:
  BoringSSL-GRPC: db8764df3204ccea016e1c8dd15d9a9ad63ff318
  gRPC-Core: bd9472c8daa2e414b9f8038ba667bf56ce0e02b8
  nanopb: 2901f78ea1b7b4015c860c2fdd1ea2fee1a18d48
  SwiftGRPC: 43d3e8db88f97e7386bd44f159ecdfad02ce3362
  SwiftProtobuf: 241400280f912735c1e1b9fe675fdd2c6c4d42e2
  SwiftyMarkdown: 698fe6b283dddac69747f4e08ed0d067c18e0356
  TinkLink: 28b983ed474dc59e3fc69b1d7cbe281de29e673e

PODFILE CHECKSUM: 140b0501fe9695667ad0bcf1eebf6b7c19e51420

COCOAPODS: 1.8.4
