// !$*UTF8*$!
{
	archiveVersion = 1;
	classes = {
	};
	objectVersion = 50;
	objects = {

/* Begin PBXBuildFile section */
		200A3F99230C31E900BEF935 /* AuthenticationService.swift in Sources */ = {isa = PBXBuildFile; fileRef = 200A3F98230C31E900BEF935 /* AuthenticationService.swift */; };
		200A3FA2230C3E7800BEF935 /* Metadata+Tink.swift in Sources */ = {isa = PBXBuildFile; fileRef = 200A3FA1230C3E7800BEF935 /* Metadata+Tink.swift */; };
		200FD63D23154AFC0077181A /* AccessToken.swift in Sources */ = {isa = PBXBuildFile; fileRef = 200FD63C23154AFC0077181A /* AccessToken.swift */; };
		200FD63F23154B660077181A /* Market.swift in Sources */ = {isa = PBXBuildFile; fileRef = 200FD63E23154B660077181A /* Market.swift */; };
		201D5523230AEAA500641102 /* UserService.swift in Sources */ = {isa = PBXBuildFile; fileRef = 201D5522230AEAA500641102 /* UserService.swift */; };
		2027F01F2345E4850025473A /* AuthorizationCode.swift in Sources */ = {isa = PBXBuildFile; fileRef = 2027F01E2345E4850025473A /* AuthorizationCode.swift */; };
		2027F0242345E5FD0025473A /* AuthorizationResponse.swift in Sources */ = {isa = PBXBuildFile; fileRef = 2027F0232345E5FD0025473A /* AuthorizationResponse.swift */; };
		2027F02A234637920025473A /* CertificatePinningDelegate.swift in Sources */ = {isa = PBXBuildFile; fileRef = 2027F029234637920025473A /* CertificatePinningDelegate.swift */; };
		2027F02C2346421F0025473A /* SecTrust+Swift.swift in Sources */ = {isa = PBXBuildFile; fileRef = 2027F02B2346421F0025473A /* SecTrust+Swift.swift */; };
		2027F02E2346423C0025473A /* SecCertificate+Swift.swift in Sources */ = {isa = PBXBuildFile; fileRef = 2027F02D2346423C0025473A /* SecCertificate+Swift.swift */; };
		203BE969232784440033F879 /* AddCredentialTask.swift in Sources */ = {isa = PBXBuildFile; fileRef = 203BE968232784440033F879 /* AddCredentialTask.swift */; };
		2049259A232A3AF000D4461D /* Form.swift in Sources */ = {isa = PBXBuildFile; fileRef = 20492599232A3AF000D4461D /* Form.swift */; };
		206B8DCF23350A8300693ED5 /* FormTests.swift in Sources */ = {isa = PBXBuildFile; fileRef = 206B8DCD2335001000693ED5 /* FormTests.swift */; };
		209D69282326878800B4DBB8 /* SupplementInformationTask.swift in Sources */ = {isa = PBXBuildFile; fileRef = 209D69272326878800B4DBB8 /* SupplementInformationTask.swift */; };
		20A5AF57234DC22F00063701 /* ProviderTreeTests.swift in Sources */ = {isa = PBXBuildFile; fileRef = 20A5AF55234DC21200063701 /* ProviderTreeTests.swift */; };
		20C300E92341D44F0004E284 /* ConfigurationTests.swift in Sources */ = {isa = PBXBuildFile; fileRef = 20C300E72341D43B0004E284 /* ConfigurationTests.swift */; };
		20C3A7782354584F0048EBA4 /* FinancialInstitution.swift in Sources */ = {isa = PBXBuildFile; fileRef = 20C3A7772354584F0048EBA4 /* FinancialInstitution.swift */; };
		20C3A77A2355B87A0048EBA4 /* ThirdPartyAppAuthenticationTask.swift in Sources */ = {isa = PBXBuildFile; fileRef = 20C3A7792355B87A0048EBA4 /* ThirdPartyAppAuthenticationTask.swift */; };
		20C48F9523602479009CA39C /* User.swift in Sources */ = {isa = PBXBuildFile; fileRef = 20C48F9423602479009CA39C /* User.swift */; };
		20D129E2234E1737005C2D34 /* CredentialGRPCTests.swift in Sources */ = {isa = PBXBuildFile; fileRef = 20D129E0234E1732005C2D34 /* CredentialGRPCTests.swift */; };
		20D8125F2330DAD7000B3A30 /* Service+Metadata.swift in Sources */ = {isa = PBXBuildFile; fileRef = 20D8125E2330DAD7000B3A30 /* Service+Metadata.swift */; };
		20E19DB22306E59900BF053A /* BoringSSL.framework in Frameworks */ = {isa = PBXBuildFile; fileRef = 20ED85462303FD85006213BB /* BoringSSL.framework */; };
		20E19DB32306E59900BF053A /* CgRPC.framework in Frameworks */ = {isa = PBXBuildFile; fileRef = 20ED85472303FD85006213BB /* CgRPC.framework */; };
		20E19DB42306E59900BF053A /* SwiftGRPC.framework in Frameworks */ = {isa = PBXBuildFile; fileRef = 20ED85492303FD85006213BB /* SwiftGRPC.framework */; };
		20E19DB52306E59900BF053A /* SwiftProtobuf.framework in Frameworks */ = {isa = PBXBuildFile; fileRef = 20ED85482303FD85006213BB /* SwiftProtobuf.framework */; };
		20E6886D234F0B7800B4E04F /* insight_models.pb.swift in Sources */ = {isa = PBXBuildFile; fileRef = 20E6886C234F0B7800B4E04F /* insight_models.pb.swift */; };
		20E68871234F0B7F00B4E04F /* date.pb.swift in Sources */ = {isa = PBXBuildFile; fileRef = 20E68870234F0B7F00B4E04F /* date.pb.swift */; };
		20E6887B234F570C00B4E04F /* AuthorizationError.swift in Sources */ = {isa = PBXBuildFile; fileRef = 20E6887A234F570C00B4E04F /* AuthorizationError.swift */; };
		20E6DCD123336AE700476B8F /* MultiHandler.swift in Sources */ = {isa = PBXBuildFile; fileRef = 20E6DCD023336AE700476B8F /* MultiHandler.swift */; };
		20ED852A2303FA48006213BB /* TinkLink.framework in Frameworks */ = {isa = PBXBuildFile; fileRef = 20ED85202303FA48006213BB /* TinkLink.framework */; };
		20ED85412303FAEC006213BB /* rpc.pb.swift in Sources */ = {isa = PBXBuildFile; fileRef = 20ED853D2303FAEC006213BB /* rpc.pb.swift */; };
		20ED85422303FAEC006213BB /* models.pb.swift in Sources */ = {isa = PBXBuildFile; fileRef = 20ED853E2303FAEC006213BB /* models.pb.swift */; };
		20ED85432303FAEC006213BB /* services.grpc.swift in Sources */ = {isa = PBXBuildFile; fileRef = 20ED853F2303FAEC006213BB /* services.grpc.swift */; };
		20ED85442303FAEC006213BB /* services.pb.swift in Sources */ = {isa = PBXBuildFile; fileRef = 20ED85402303FAEC006213BB /* services.pb.swift */; };
		20ED854A2303FD85006213BB /* BoringSSL.framework in Frameworks */ = {isa = PBXBuildFile; fileRef = 20ED85462303FD85006213BB /* BoringSSL.framework */; };
		20ED854B2303FD85006213BB /* CgRPC.framework in Frameworks */ = {isa = PBXBuildFile; fileRef = 20ED85472303FD85006213BB /* CgRPC.framework */; };
		20ED854C2303FD85006213BB /* SwiftProtobuf.framework in Frameworks */ = {isa = PBXBuildFile; fileRef = 20ED85482303FD85006213BB /* SwiftProtobuf.framework */; };
		20ED854D2303FD85006213BB /* SwiftGRPC.framework in Frameworks */ = {isa = PBXBuildFile; fileRef = 20ED85492303FD85006213BB /* SwiftGRPC.framework */; };
		20ED856F2304003A006213BB /* Environment.swift in Sources */ = {isa = PBXBuildFile; fileRef = 20ED856E23040039006213BB /* Environment.swift */; };
		20ED85712304004C006213BB /* ProviderService.swift in Sources */ = {isa = PBXBuildFile; fileRef = 20ED85702304004C006213BB /* ProviderService.swift */; };
		20ED857A230407B3006213BB /* Provider.swift in Sources */ = {isa = PBXBuildFile; fileRef = 20ED8579230407B3006213BB /* Provider.swift */; };
		20ED85832304081D006213BB /* Provider+GRPC.swift in Sources */ = {isa = PBXBuildFile; fileRef = 20ED85822304081D006213BB /* Provider+GRPC.swift */; };
		20ED8588230408E6006213BB /* ClientTests.swift in Sources */ = {isa = PBXBuildFile; fileRef = 20ED8587230408E6006213BB /* ClientTests.swift */; };
		20ED858E2304151B006213BB /* CredentialService.swift in Sources */ = {isa = PBXBuildFile; fileRef = 20ED858D2304151B006213BB /* CredentialService.swift */; };
		20ED859023041679006213BB /* ProviderGRPCTests.swift in Sources */ = {isa = PBXBuildFile; fileRef = 20ED858923040974006213BB /* ProviderGRPCTests.swift */; };
		20ED8592230429DE006213BB /* CallHandler.swift in Sources */ = {isa = PBXBuildFile; fileRef = 20ED8591230429DE006213BB /* CallHandler.swift */; };
		20ED859623045896006213BB /* Credential.swift in Sources */ = {isa = PBXBuildFile; fileRef = 20ED859523045896006213BB /* Credential.swift */; };
		20EE138123053B2700C92D65 /* Credential+GRPC.swift in Sources */ = {isa = PBXBuildFile; fileRef = 20EE138023053B2700C92D65 /* Credential+GRPC.swift */; };
		20FAE67A233DFB4E003C73BA /* Configuration.swift in Sources */ = {isa = PBXBuildFile; fileRef = 20FAE679233DFB4E003C73BA /* Configuration.swift */; };
		20FAE67D233DFBE9003C73BA /* ProcessInfo+TinkEnvironmentVariables.swift in Sources */ = {isa = PBXBuildFile; fileRef = 20FAE67C233DFBE9003C73BA /* ProcessInfo+TinkEnvironmentVariables.swift */; };
		3373C0D723574CFE00555FC7 /* Retriable.swift in Sources */ = {isa = PBXBuildFile; fileRef = 3373C0D523574CFE00555FC7 /* Retriable.swift */; };
		3373C0D823574CFE00555FC7 /* RetryCancellable.swift in Sources */ = {isa = PBXBuildFile; fileRef = 3373C0D623574CFE00555FC7 /* RetryCancellable.swift */; };
		8F0CE77D2332151700FB84B0 /* CallCanceller.swift in Sources */ = {isa = PBXBuildFile; fileRef = 8F0CE77A2332151700FB84B0 /* CallCanceller.swift */; };
		8F0CE77E2332151700FB84B0 /* Cancellable.swift in Sources */ = {isa = PBXBuildFile; fileRef = 8F0CE77B2332151700FB84B0 /* Cancellable.swift */; };
		8F0CE77F2332151700FB84B0 /* Client.swift in Sources */ = {isa = PBXBuildFile; fileRef = 8F0CE77C2332151700FB84B0 /* Client.swift */; };
		8F1ADD5123619855008047FA /* URLSessionRequestRetryCancellabel.swift in Sources */ = {isa = PBXBuildFile; fileRef = 8F1ADD5023619855008047FA /* URLSessionRequestRetryCancellabel.swift */; };
		8F313E68235F001C0046D5DD /* UserContext.swift in Sources */ = {isa = PBXBuildFile; fileRef = 8F313E67235F001C0046D5DD /* UserContext.swift */; };
		8F313E6A235F085A0046D5DD /* AuthorizationContext.swift in Sources */ = {isa = PBXBuildFile; fileRef = 8F313E69235F085A0046D5DD /* AuthorizationContext.swift */; };
		8F613A002334CB2D00BFB04D /* CredentialStatusPollingTask.swift in Sources */ = {isa = PBXBuildFile; fileRef = 8F6139FF2334CB2C00BFB04D /* CredentialStatusPollingTask.swift */; };
		8F84A776232B8B6500EA878F /* TokenConfigurableService.swift in Sources */ = {isa = PBXBuildFile; fileRef = 8F84A775232B8B6500EA878F /* TokenConfigurableService.swift */; };
		8F84A77C2330D39600EA878F /* Locale+Extensions.swift in Sources */ = {isa = PBXBuildFile; fileRef = 8F84A77B2330D39600EA878F /* Locale+Extensions.swift */; };
		8F9D0D9723671C680009EA3A /* AuthenticateResponse.swift in Sources */ = {isa = PBXBuildFile; fileRef = 8F9D0D9623671C680009EA3A /* AuthenticateResponse.swift */; };
		8FA35586231E673B0054115D /* TinkLink.swift in Sources */ = {isa = PBXBuildFile; fileRef = 8FA35585231E673B0054115D /* TinkLink.swift */; };
		8FA3558E231EA1840054115D /* ProviderTree.swift in Sources */ = {isa = PBXBuildFile; fileRef = 8FA3558D231EA1840054115D /* ProviderTree.swift */; };
		8FA35590231EA3820054115D /* ProviderContext.swift in Sources */ = {isa = PBXBuildFile; fileRef = 8FA3558F231EA3820054115D /* ProviderContext.swift */; };
		8FA35592231EADAB0054115D /* CredentialContext.swift in Sources */ = {isa = PBXBuildFile; fileRef = 8FA35591231EADAB0054115D /* CredentialContext.swift */; };
		8FA5E0ED23547FF100717D74 /* Scope.swift in Sources */ = {isa = PBXBuildFile; fileRef = 8FA5E0EC23547FF100717D74 /* Scope.swift */; };
		8FBAE71B237AD2230016DC6C /* ThirdPartyCallbackTests.swift in Sources */ = {isa = PBXBuildFile; fileRef = 8FBAE71A237AD2230016DC6C /* ThirdPartyCallbackTests.swift */; };
/* End PBXBuildFile section */

/* Begin PBXContainerItemProxy section */
		20ED852B2303FA48006213BB /* PBXContainerItemProxy */ = {
			isa = PBXContainerItemProxy;
			containerPortal = 20ED85172303FA48006213BB /* Project object */;
			proxyType = 1;
			remoteGlobalIDString = 20ED851F2303FA48006213BB;
			remoteInfo = TinkLink;
		};
/* End PBXContainerItemProxy section */

/* Begin PBXFileReference section */
		200A3F98230C31E900BEF935 /* AuthenticationService.swift */ = {isa = PBXFileReference; lastKnownFileType = sourcecode.swift; path = AuthenticationService.swift; sourceTree = "<group>"; };
		200A3FA1230C3E7800BEF935 /* Metadata+Tink.swift */ = {isa = PBXFileReference; fileEncoding = 4; lastKnownFileType = sourcecode.swift; path = "Metadata+Tink.swift"; sourceTree = "<group>"; };
		200FD63C23154AFC0077181A /* AccessToken.swift */ = {isa = PBXFileReference; lastKnownFileType = sourcecode.swift; path = AccessToken.swift; sourceTree = "<group>"; };
		200FD63E23154B660077181A /* Market.swift */ = {isa = PBXFileReference; lastKnownFileType = sourcecode.swift; path = Market.swift; sourceTree = "<group>"; };
		201D5522230AEAA500641102 /* UserService.swift */ = {isa = PBXFileReference; lastKnownFileType = sourcecode.swift; path = UserService.swift; sourceTree = "<group>"; };
		2027F01E2345E4850025473A /* AuthorizationCode.swift */ = {isa = PBXFileReference; fileEncoding = 4; lastKnownFileType = sourcecode.swift; path = AuthorizationCode.swift; sourceTree = "<group>"; };
		2027F0232345E5FD0025473A /* AuthorizationResponse.swift */ = {isa = PBXFileReference; fileEncoding = 4; lastKnownFileType = sourcecode.swift; path = AuthorizationResponse.swift; sourceTree = "<group>"; };
		2027F029234637920025473A /* CertificatePinningDelegate.swift */ = {isa = PBXFileReference; fileEncoding = 4; lastKnownFileType = sourcecode.swift; path = CertificatePinningDelegate.swift; sourceTree = "<group>"; };
		2027F02B2346421F0025473A /* SecTrust+Swift.swift */ = {isa = PBXFileReference; lastKnownFileType = sourcecode.swift; path = "SecTrust+Swift.swift"; sourceTree = "<group>"; };
		2027F02D2346423C0025473A /* SecCertificate+Swift.swift */ = {isa = PBXFileReference; lastKnownFileType = sourcecode.swift; path = "SecCertificate+Swift.swift"; sourceTree = "<group>"; };
		203BE968232784440033F879 /* AddCredentialTask.swift */ = {isa = PBXFileReference; lastKnownFileType = sourcecode.swift; path = AddCredentialTask.swift; sourceTree = "<group>"; };
		20492599232A3AF000D4461D /* Form.swift */ = {isa = PBXFileReference; fileEncoding = 4; lastKnownFileType = sourcecode.swift; path = Form.swift; sourceTree = "<group>"; };
		206B8DCD2335001000693ED5 /* FormTests.swift */ = {isa = PBXFileReference; lastKnownFileType = sourcecode.swift; path = FormTests.swift; sourceTree = "<group>"; };
		209D69272326878800B4DBB8 /* SupplementInformationTask.swift */ = {isa = PBXFileReference; lastKnownFileType = sourcecode.swift; path = SupplementInformationTask.swift; sourceTree = "<group>"; };
		20A5AF55234DC21200063701 /* ProviderTreeTests.swift */ = {isa = PBXFileReference; lastKnownFileType = sourcecode.swift; path = ProviderTreeTests.swift; sourceTree = "<group>"; };
		20C300E72341D43B0004E284 /* ConfigurationTests.swift */ = {isa = PBXFileReference; lastKnownFileType = sourcecode.swift; path = ConfigurationTests.swift; sourceTree = "<group>"; };
		20C3A7772354584F0048EBA4 /* FinancialInstitution.swift */ = {isa = PBXFileReference; lastKnownFileType = sourcecode.swift; path = FinancialInstitution.swift; sourceTree = "<group>"; };
		20C3A7792355B87A0048EBA4 /* ThirdPartyAppAuthenticationTask.swift */ = {isa = PBXFileReference; lastKnownFileType = sourcecode.swift; path = ThirdPartyAppAuthenticationTask.swift; sourceTree = "<group>"; };
		20C48F9423602479009CA39C /* User.swift */ = {isa = PBXFileReference; lastKnownFileType = sourcecode.swift; path = User.swift; sourceTree = "<group>"; };
		20D129E0234E1732005C2D34 /* CredentialGRPCTests.swift */ = {isa = PBXFileReference; lastKnownFileType = sourcecode.swift; path = CredentialGRPCTests.swift; sourceTree = "<group>"; };
		20D8125E2330DAD7000B3A30 /* Service+Metadata.swift */ = {isa = PBXFileReference; lastKnownFileType = sourcecode.swift; path = "Service+Metadata.swift"; sourceTree = "<group>"; };
		20E6886C234F0B7800B4E04F /* insight_models.pb.swift */ = {isa = PBXFileReference; fileEncoding = 4; lastKnownFileType = sourcecode.swift; path = insight_models.pb.swift; sourceTree = "<group>"; };
		20E68870234F0B7F00B4E04F /* date.pb.swift */ = {isa = PBXFileReference; fileEncoding = 4; lastKnownFileType = sourcecode.swift; path = date.pb.swift; sourceTree = "<group>"; };
		20E6887A234F570C00B4E04F /* AuthorizationError.swift */ = {isa = PBXFileReference; lastKnownFileType = sourcecode.swift; path = AuthorizationError.swift; sourceTree = "<group>"; };
		20E6DCD023336AE700476B8F /* MultiHandler.swift */ = {isa = PBXFileReference; lastKnownFileType = sourcecode.swift; path = MultiHandler.swift; sourceTree = "<group>"; };
		20ED85202303FA48006213BB /* TinkLink.framework */ = {isa = PBXFileReference; explicitFileType = wrapper.framework; includeInIndex = 0; path = TinkLink.framework; sourceTree = BUILT_PRODUCTS_DIR; };
		20ED85242303FA48006213BB /* Info.plist */ = {isa = PBXFileReference; lastKnownFileType = text.plist.xml; path = Info.plist; sourceTree = "<group>"; };
		20ED85292303FA48006213BB /* TinkLinkTests.xctest */ = {isa = PBXFileReference; explicitFileType = wrapper.cfbundle; includeInIndex = 0; path = TinkLinkTests.xctest; sourceTree = BUILT_PRODUCTS_DIR; };
		20ED85302303FA48006213BB /* Info.plist */ = {isa = PBXFileReference; lastKnownFileType = text.plist.xml; path = Info.plist; sourceTree = "<group>"; };
		20ED853D2303FAEC006213BB /* rpc.pb.swift */ = {isa = PBXFileReference; fileEncoding = 4; lastKnownFileType = sourcecode.swift; path = rpc.pb.swift; sourceTree = "<group>"; };
		20ED853E2303FAEC006213BB /* models.pb.swift */ = {isa = PBXFileReference; fileEncoding = 4; lastKnownFileType = sourcecode.swift; path = models.pb.swift; sourceTree = "<group>"; };
		20ED853F2303FAEC006213BB /* services.grpc.swift */ = {isa = PBXFileReference; fileEncoding = 4; lastKnownFileType = sourcecode.swift; path = services.grpc.swift; sourceTree = "<group>"; };
		20ED85402303FAEC006213BB /* services.pb.swift */ = {isa = PBXFileReference; fileEncoding = 4; lastKnownFileType = sourcecode.swift; path = services.pb.swift; sourceTree = "<group>"; };
		20ED85462303FD85006213BB /* BoringSSL.framework */ = {isa = PBXFileReference; lastKnownFileType = wrapper.framework; name = BoringSSL.framework; path = Carthage/Build/iOS/BoringSSL.framework; sourceTree = "<group>"; };
		20ED85472303FD85006213BB /* CgRPC.framework */ = {isa = PBXFileReference; lastKnownFileType = wrapper.framework; name = CgRPC.framework; path = Carthage/Build/iOS/CgRPC.framework; sourceTree = "<group>"; };
		20ED85482303FD85006213BB /* SwiftProtobuf.framework */ = {isa = PBXFileReference; lastKnownFileType = wrapper.framework; name = SwiftProtobuf.framework; path = Carthage/Build/iOS/SwiftProtobuf.framework; sourceTree = "<group>"; };
		20ED85492303FD85006213BB /* SwiftGRPC.framework */ = {isa = PBXFileReference; lastKnownFileType = wrapper.framework; name = SwiftGRPC.framework; path = Carthage/Build/iOS/SwiftGRPC.framework; sourceTree = "<group>"; };
		20ED856E23040039006213BB /* Environment.swift */ = {isa = PBXFileReference; fileEncoding = 4; lastKnownFileType = sourcecode.swift; path = Environment.swift; sourceTree = "<group>"; };
		20ED85702304004C006213BB /* ProviderService.swift */ = {isa = PBXFileReference; fileEncoding = 4; lastKnownFileType = sourcecode.swift; path = ProviderService.swift; sourceTree = "<group>"; };
		20ED8579230407B3006213BB /* Provider.swift */ = {isa = PBXFileReference; fileEncoding = 4; lastKnownFileType = sourcecode.swift; path = Provider.swift; sourceTree = "<group>"; };
		20ED85822304081D006213BB /* Provider+GRPC.swift */ = {isa = PBXFileReference; fileEncoding = 4; lastKnownFileType = sourcecode.swift; path = "Provider+GRPC.swift"; sourceTree = "<group>"; };
		20ED8587230408E6006213BB /* ClientTests.swift */ = {isa = PBXFileReference; fileEncoding = 4; lastKnownFileType = sourcecode.swift; path = ClientTests.swift; sourceTree = "<group>"; };
		20ED858923040974006213BB /* ProviderGRPCTests.swift */ = {isa = PBXFileReference; fileEncoding = 4; lastKnownFileType = sourcecode.swift; path = ProviderGRPCTests.swift; sourceTree = "<group>"; };
		20ED858D2304151B006213BB /* CredentialService.swift */ = {isa = PBXFileReference; fileEncoding = 4; lastKnownFileType = sourcecode.swift; path = CredentialService.swift; sourceTree = "<group>"; };
		20ED8591230429DE006213BB /* CallHandler.swift */ = {isa = PBXFileReference; lastKnownFileType = sourcecode.swift; path = CallHandler.swift; sourceTree = "<group>"; };
		20ED859523045896006213BB /* Credential.swift */ = {isa = PBXFileReference; fileEncoding = 4; lastKnownFileType = sourcecode.swift; path = Credential.swift; sourceTree = "<group>"; };
		20EE138023053B2700C92D65 /* Credential+GRPC.swift */ = {isa = PBXFileReference; lastKnownFileType = sourcecode.swift; path = "Credential+GRPC.swift"; sourceTree = "<group>"; };
		20FAE679233DFB4E003C73BA /* Configuration.swift */ = {isa = PBXFileReference; lastKnownFileType = sourcecode.swift; path = Configuration.swift; sourceTree = "<group>"; };
		20FAE67C233DFBE9003C73BA /* ProcessInfo+TinkEnvironmentVariables.swift */ = {isa = PBXFileReference; lastKnownFileType = sourcecode.swift; path = "ProcessInfo+TinkEnvironmentVariables.swift"; sourceTree = "<group>"; };
		3373C0D523574CFE00555FC7 /* Retriable.swift */ = {isa = PBXFileReference; fileEncoding = 4; lastKnownFileType = sourcecode.swift; path = Retriable.swift; sourceTree = "<group>"; };
		3373C0D623574CFE00555FC7 /* RetryCancellable.swift */ = {isa = PBXFileReference; fileEncoding = 4; lastKnownFileType = sourcecode.swift; path = RetryCancellable.swift; sourceTree = "<group>"; };
		8F0CE77A2332151700FB84B0 /* CallCanceller.swift */ = {isa = PBXFileReference; fileEncoding = 4; lastKnownFileType = sourcecode.swift; path = CallCanceller.swift; sourceTree = "<group>"; };
		8F0CE77B2332151700FB84B0 /* Cancellable.swift */ = {isa = PBXFileReference; fileEncoding = 4; lastKnownFileType = sourcecode.swift; path = Cancellable.swift; sourceTree = "<group>"; };
		8F0CE77C2332151700FB84B0 /* Client.swift */ = {isa = PBXFileReference; fileEncoding = 4; lastKnownFileType = sourcecode.swift; path = Client.swift; sourceTree = "<group>"; };
		8F1ADD5023619855008047FA /* URLSessionRequestRetryCancellabel.swift */ = {isa = PBXFileReference; lastKnownFileType = sourcecode.swift; path = URLSessionRequestRetryCancellabel.swift; sourceTree = "<group>"; };
		8F313E67235F001C0046D5DD /* UserContext.swift */ = {isa = PBXFileReference; lastKnownFileType = sourcecode.swift; path = UserContext.swift; sourceTree = "<group>"; };
		8F313E69235F085A0046D5DD /* AuthorizationContext.swift */ = {isa = PBXFileReference; lastKnownFileType = sourcecode.swift; path = AuthorizationContext.swift; sourceTree = "<group>"; };
		8F6139FF2334CB2C00BFB04D /* CredentialStatusPollingTask.swift */ = {isa = PBXFileReference; lastKnownFileType = sourcecode.swift; path = CredentialStatusPollingTask.swift; sourceTree = "<group>"; };
		8F84A775232B8B6500EA878F /* TokenConfigurableService.swift */ = {isa = PBXFileReference; lastKnownFileType = sourcecode.swift; path = TokenConfigurableService.swift; sourceTree = "<group>"; };
		8F84A77B2330D39600EA878F /* Locale+Extensions.swift */ = {isa = PBXFileReference; lastKnownFileType = sourcecode.swift; path = "Locale+Extensions.swift"; sourceTree = "<group>"; };
		8F9D0D9623671C680009EA3A /* AuthenticateResponse.swift */ = {isa = PBXFileReference; lastKnownFileType = sourcecode.swift; path = AuthenticateResponse.swift; sourceTree = "<group>"; };
		8FA35585231E673B0054115D /* TinkLink.swift */ = {isa = PBXFileReference; lastKnownFileType = sourcecode.swift; path = TinkLink.swift; sourceTree = "<group>"; };
		8FA3558D231EA1840054115D /* ProviderTree.swift */ = {isa = PBXFileReference; lastKnownFileType = sourcecode.swift; path = ProviderTree.swift; sourceTree = "<group>"; };
		8FA3558F231EA3820054115D /* ProviderContext.swift */ = {isa = PBXFileReference; lastKnownFileType = sourcecode.swift; path = ProviderContext.swift; sourceTree = "<group>"; };
		8FA35591231EADAB0054115D /* CredentialContext.swift */ = {isa = PBXFileReference; lastKnownFileType = sourcecode.swift; path = CredentialContext.swift; sourceTree = "<group>"; };
		8FA5E0EC23547FF100717D74 /* Scope.swift */ = {isa = PBXFileReference; lastKnownFileType = sourcecode.swift; path = Scope.swift; sourceTree = "<group>"; };
		8FBAE71A237AD2230016DC6C /* ThirdPartyCallbackTests.swift */ = {isa = PBXFileReference; lastKnownFileType = sourcecode.swift; path = ThirdPartyCallbackTests.swift; sourceTree = "<group>"; };
/* End PBXFileReference section */

/* Begin PBXFrameworksBuildPhase section */
		20ED851D2303FA48006213BB /* Frameworks */ = {
			isa = PBXFrameworksBuildPhase;
			buildActionMask = 2147483647;
			files = (
				20ED854A2303FD85006213BB /* BoringSSL.framework in Frameworks */,
				20ED854B2303FD85006213BB /* CgRPC.framework in Frameworks */,
				20ED854C2303FD85006213BB /* SwiftProtobuf.framework in Frameworks */,
				20ED854D2303FD85006213BB /* SwiftGRPC.framework in Frameworks */,
			);
			runOnlyForDeploymentPostprocessing = 0;
		};
		20ED85262303FA48006213BB /* Frameworks */ = {
			isa = PBXFrameworksBuildPhase;
			buildActionMask = 2147483647;
			files = (
				20ED852A2303FA48006213BB /* TinkLink.framework in Frameworks */,
				20E19DB22306E59900BF053A /* BoringSSL.framework in Frameworks */,
				20E19DB32306E59900BF053A /* CgRPC.framework in Frameworks */,
				20E19DB42306E59900BF053A /* SwiftGRPC.framework in Frameworks */,
				20E19DB52306E59900BF053A /* SwiftProtobuf.framework in Frameworks */,
			);
			runOnlyForDeploymentPostprocessing = 0;
		};
/* End PBXFrameworksBuildPhase section */

/* Begin PBXGroup section */
		20B9DA2F230EE4EE00DE4999 /* Mappers */ = {
			isa = PBXGroup;
			children = (
				20ED85822304081D006213BB /* Provider+GRPC.swift */,
				20EE138023053B2700C92D65 /* Credential+GRPC.swift */,
			);
			path = Mappers;
			sourceTree = "<group>";
		};
		20D8125D2330DAC7000B3A30 /* Extensions */ = {
			isa = PBXGroup;
			children = (
				20D8125E2330DAD7000B3A30 /* Service+Metadata.swift */,
				200A3FA1230C3E7800BEF935 /* Metadata+Tink.swift */,
				20FAE67C233DFBE9003C73BA /* ProcessInfo+TinkEnvironmentVariables.swift */,
				8F84A77B2330D39600EA878F /* Locale+Extensions.swift */,
				2027F02B2346421F0025473A /* SecTrust+Swift.swift */,
				2027F02D2346423C0025473A /* SecCertificate+Swift.swift */,
			);
			path = Extensions;
			sourceTree = "<group>";
		};
		20E6886E234F0B7F00B4E04F /* google */ = {
			isa = PBXGroup;
			children = (
				20E6886F234F0B7F00B4E04F /* type */,
			);
			path = google;
			sourceTree = "<group>";
		};
		20E6886F234F0B7F00B4E04F /* type */ = {
			isa = PBXGroup;
			children = (
				20E68870234F0B7F00B4E04F /* date.pb.swift */,
			);
			path = type;
			sourceTree = "<group>";
		};
		20ED85162303FA48006213BB = {
			isa = PBXGroup;
			children = (
				20ED85222303FA48006213BB /* TinkLink */,
				20ED852D2303FA48006213BB /* TinkLinkTests */,
				20ED85212303FA48006213BB /* Products */,
				20ED85452303FD85006213BB /* Frameworks */,
			);
			sourceTree = "<group>";
		};
		20ED85212303FA48006213BB /* Products */ = {
			isa = PBXGroup;
			children = (
				20ED85202303FA48006213BB /* TinkLink.framework */,
				20ED85292303FA48006213BB /* TinkLinkTests.xctest */,
			);
			name = Products;
			sourceTree = "<group>";
		};
		20ED85222303FA48006213BB /* TinkLink */ = {
			isa = PBXGroup;
			children = (
				8FA35585231E673B0054115D /* TinkLink.swift */,
				20FAE679233DFB4E003C73BA /* Configuration.swift */,
				20ED856E23040039006213BB /* Environment.swift */,
				20D8125D2330DAC7000B3A30 /* Extensions */,
				8F36724723057E0700B92936 /* Models */,
				8FA35595231EB14C0054115D /* Context */,
				20FAE67B233DFBA4003C73BA /* Tasks */,
				20ED857223040053006213BB /* Services */,
				20ED853C2303FAEC006213BB /* GRPC */,
				20ED85242303FA48006213BB /* Info.plist */,
			);
			name = TinkLink;
			path = Sources/TinkLink;
			sourceTree = "<group>";
		};
		20ED852D2303FA48006213BB /* TinkLinkTests */ = {
			isa = PBXGroup;
			children = (
				20ED858923040974006213BB /* ProviderGRPCTests.swift */,
				20ED8587230408E6006213BB /* ClientTests.swift */,
				20C300E72341D43B0004E284 /* ConfigurationTests.swift */,
				20D129E0234E1732005C2D34 /* CredentialGRPCTests.swift */,
				206B8DCD2335001000693ED5 /* FormTests.swift */,
				20A5AF55234DC21200063701 /* ProviderTreeTests.swift */,
				8FBAE71A237AD2230016DC6C /* ThirdPartyCallbackTests.swift */,
				20ED85302303FA48006213BB /* Info.plist */,
			);
			name = TinkLinkTests;
			path = Tests/TinkLinkTests;
			sourceTree = "<group>";
		};
		20ED853C2303FAEC006213BB /* GRPC */ = {
			isa = PBXGroup;
			children = (
				20E6886E234F0B7F00B4E04F /* google */,
				20E6886C234F0B7800B4E04F /* insight_models.pb.swift */,
				20ED853D2303FAEC006213BB /* rpc.pb.swift */,
				20ED853E2303FAEC006213BB /* models.pb.swift */,
				20ED853F2303FAEC006213BB /* services.grpc.swift */,
				20ED85402303FAEC006213BB /* services.pb.swift */,
			);
			path = GRPC;
			sourceTree = "<group>";
		};
		20ED85452303FD85006213BB /* Frameworks */ = {
			isa = PBXGroup;
			children = (
				20ED85462303FD85006213BB /* BoringSSL.framework */,
				20ED85472303FD85006213BB /* CgRPC.framework */,
				20ED85492303FD85006213BB /* SwiftGRPC.framework */,
				20ED85482303FD85006213BB /* SwiftProtobuf.framework */,
			);
			name = Frameworks;
			sourceTree = "<group>";
		};
		20ED857223040053006213BB /* Services */ = {
			isa = PBXGroup;
			children = (
				3373C0D523574CFE00555FC7 /* Retriable.swift */,
				3373C0D623574CFE00555FC7 /* RetryCancellable.swift */,
				8F0CE77A2332151700FB84B0 /* CallCanceller.swift */,
				8F0CE77B2332151700FB84B0 /* Cancellable.swift */,
				20E6DCD023336AE700476B8F /* MultiHandler.swift */,
				8F0CE77C2332151700FB84B0 /* Client.swift */,
				20ED85702304004C006213BB /* ProviderService.swift */,
				8F84A775232B8B6500EA878F /* TokenConfigurableService.swift */,
				20ED858D2304151B006213BB /* CredentialService.swift */,
				20ED8591230429DE006213BB /* CallHandler.swift */,
				8F1ADD5023619855008047FA /* URLSessionRequestRetryCancellabel.swift */,
				201D5522230AEAA500641102 /* UserService.swift */,
				200A3F98230C31E900BEF935 /* AuthenticationService.swift */,
				2027F029234637920025473A /* CertificatePinningDelegate.swift */,
			);
			path = Services;
			sourceTree = "<group>";
		};
		20FAE67B233DFBA4003C73BA /* Tasks */ = {
			isa = PBXGroup;
			children = (
				203BE968232784440033F879 /* AddCredentialTask.swift */,
				209D69272326878800B4DBB8 /* SupplementInformationTask.swift */,
				8F6139FF2334CB2C00BFB04D /* CredentialStatusPollingTask.swift */,
				20C3A7792355B87A0048EBA4 /* ThirdPartyAppAuthenticationTask.swift */,
			);
			path = Tasks;
			sourceTree = "<group>";
		};
		8F36724723057E0700B92936 /* Models */ = {
			isa = PBXGroup;
			children = (
				20B9DA2F230EE4EE00DE4999 /* Mappers */,
				200FD63E23154B660077181A /* Market.swift */,
				2027F01E2345E4850025473A /* AuthorizationCode.swift */,
				2027F0232345E5FD0025473A /* AuthorizationResponse.swift */,
				20E6887A234F570C00B4E04F /* AuthorizationError.swift */,
				200FD63C23154AFC0077181A /* AccessToken.swift */,
				8F9D0D9623671C680009EA3A /* AuthenticateResponse.swift */,
				20ED8579230407B3006213BB /* Provider.swift */,
				20C3A7772354584F0048EBA4 /* FinancialInstitution.swift */,
				8FA3558D231EA1840054115D /* ProviderTree.swift */,
				20ED859523045896006213BB /* Credential.swift */,
				20492599232A3AF000D4461D /* Form.swift */,
				8FA5E0EC23547FF100717D74 /* Scope.swift */,
				20C48F9423602479009CA39C /* User.swift */,
			);
			path = Models;
			sourceTree = "<group>";
		};
		8FA35595231EB14C0054115D /* Context */ = {
			isa = PBXGroup;
			children = (
				8FA3558F231EA3820054115D /* ProviderContext.swift */,
				8FA35591231EADAB0054115D /* CredentialContext.swift */,
				8F313E67235F001C0046D5DD /* UserContext.swift */,
				8F313E69235F085A0046D5DD /* AuthorizationContext.swift */,
			);
			path = Context;
			sourceTree = "<group>";
		};
/* End PBXGroup section */

/* Begin PBXHeadersBuildPhase section */
		20ED851B2303FA48006213BB /* Headers */ = {
			isa = PBXHeadersBuildPhase;
			buildActionMask = 2147483647;
			files = (
			);
			runOnlyForDeploymentPostprocessing = 0;
		};
/* End PBXHeadersBuildPhase section */

/* Begin PBXNativeTarget section */
		20ED851F2303FA48006213BB /* TinkLink */ = {
			isa = PBXNativeTarget;
			buildConfigurationList = 20ED85342303FA48006213BB /* Build configuration list for PBXNativeTarget "TinkLink" */;
			buildPhases = (
				20ED851B2303FA48006213BB /* Headers */,
				20ED851C2303FA48006213BB /* Sources */,
				20ED851D2303FA48006213BB /* Frameworks */,
				20ED851E2303FA48006213BB /* Resources */,
			);
			buildRules = (
			);
			dependencies = (
			);
			name = TinkLink;
			productName = TinkLink;
			productReference = 20ED85202303FA48006213BB /* TinkLink.framework */;
			productType = "com.apple.product-type.framework";
		};
		20ED85282303FA48006213BB /* TinkLinkTests */ = {
			isa = PBXNativeTarget;
			buildConfigurationList = 20ED85372303FA48006213BB /* Build configuration list for PBXNativeTarget "TinkLinkTests" */;
			buildPhases = (
				20ED85252303FA48006213BB /* Sources */,
				20ED85262303FA48006213BB /* Frameworks */,
				20ED85272303FA48006213BB /* Resources */,
				20E19DB12306E4E000BF053A /* Copy Frameworks */,
			);
			buildRules = (
			);
			dependencies = (
				20ED852C2303FA48006213BB /* PBXTargetDependency */,
			);
			name = TinkLinkTests;
			productName = TinkLinkTests;
			productReference = 20ED85292303FA48006213BB /* TinkLinkTests.xctest */;
			productType = "com.apple.product-type.bundle.unit-test";
		};
/* End PBXNativeTarget section */

/* Begin PBXProject section */
		20ED85172303FA48006213BB /* Project object */ = {
			isa = PBXProject;
			attributes = {
				LastSwiftUpdateCheck = 1030;
				LastUpgradeCheck = 1030;
				ORGANIZATIONNAME = Tink;
				TargetAttributes = {
					20ED851F2303FA48006213BB = {
						CreatedOnToolsVersion = 10.3;
						LastSwiftMigration = 1030;
					};
					20ED85282303FA48006213BB = {
						CreatedOnToolsVersion = 10.3;
					};
				};
			};
			buildConfigurationList = 20ED851A2303FA48006213BB /* Build configuration list for PBXProject "TinkLink" */;
			compatibilityVersion = "Xcode 9.3";
			developmentRegion = en;
			hasScannedForEncodings = 0;
			knownRegions = (
				en,
			);
			mainGroup = 20ED85162303FA48006213BB;
			productRefGroup = 20ED85212303FA48006213BB /* Products */;
			projectDirPath = "";
			projectRoot = "";
			targets = (
				20ED851F2303FA48006213BB /* TinkLink */,
				20ED85282303FA48006213BB /* TinkLinkTests */,
			);
		};
/* End PBXProject section */

/* Begin PBXResourcesBuildPhase section */
		20ED851E2303FA48006213BB /* Resources */ = {
			isa = PBXResourcesBuildPhase;
			buildActionMask = 2147483647;
			files = (
			);
			runOnlyForDeploymentPostprocessing = 0;
		};
		20ED85272303FA48006213BB /* Resources */ = {
			isa = PBXResourcesBuildPhase;
			buildActionMask = 2147483647;
			files = (
			);
			runOnlyForDeploymentPostprocessing = 0;
		};
/* End PBXResourcesBuildPhase section */

/* Begin PBXShellScriptBuildPhase section */
		20E19DB12306E4E000BF053A /* Copy Frameworks */ = {
			isa = PBXShellScriptBuildPhase;
			buildActionMask = 2147483647;
			files = (
			);
			inputFileListPaths = (
			);
			inputPaths = (
				"$(SRCROOT)/Carthage/Build/iOS/BoringSSL.framework",
				"$(SRCROOT)/Carthage/Build/iOS/CgRPC.framework",
				"$(SRCROOT)/Carthage/Build/iOS/SwiftGRPC.framework",
				"$(SRCROOT)/Carthage/Build/iOS/SwiftProtobuf.framework",
			);
			name = "Copy Frameworks";
			outputFileListPaths = (
			);
			outputPaths = (
				"$(BUILT_PRODUCTS_DIR)/$(FRAMEWORKS_FOLDER_PATH)/BoringSSL.framework",
				"$(BUILT_PRODUCTS_DIR)/$(FRAMEWORKS_FOLDER_PATH)/CgRPC.framework",
				"$(BUILT_PRODUCTS_DIR)/$(FRAMEWORKS_FOLDER_PATH)/SwiftGRPC.framework",
				"$(BUILT_PRODUCTS_DIR)/$(FRAMEWORKS_FOLDER_PATH)/SwiftProtobuf.framework",
			);
			runOnlyForDeploymentPostprocessing = 0;
			shellPath = /bin/sh;
			shellScript = "/usr/local/bin/carthage copy-frameworks\n";
		};
/* End PBXShellScriptBuildPhase section */

/* Begin PBXSourcesBuildPhase section */
		20ED851C2303FA48006213BB /* Sources */ = {
			isa = PBXSourcesBuildPhase;
			buildActionMask = 2147483647;
			files = (
				8F0CE77E2332151700FB84B0 /* Cancellable.swift in Sources */,
				20ED8592230429DE006213BB /* CallHandler.swift in Sources */,
				8F1ADD5123619855008047FA /* URLSessionRequestRetryCancellabel.swift in Sources */,
				8F84A776232B8B6500EA878F /* TokenConfigurableService.swift in Sources */,
				20EE138123053B2700C92D65 /* Credential+GRPC.swift in Sources */,
				2049259A232A3AF000D4461D /* Form.swift in Sources */,
				8FA3558E231EA1840054115D /* ProviderTree.swift in Sources */,
				8FA5E0ED23547FF100717D74 /* Scope.swift in Sources */,
				20C3A7782354584F0048EBA4 /* FinancialInstitution.swift in Sources */,
				20E6886D234F0B7800B4E04F /* insight_models.pb.swift in Sources */,
				20D8125F2330DAD7000B3A30 /* Service+Metadata.swift in Sources */,
				20ED85432303FAEC006213BB /* services.grpc.swift in Sources */,
				2027F02A234637920025473A /* CertificatePinningDelegate.swift in Sources */,
				20FAE67A233DFB4E003C73BA /* Configuration.swift in Sources */,
				8F313E6A235F085A0046D5DD /* AuthorizationContext.swift in Sources */,
				20ED85442303FAEC006213BB /* services.pb.swift in Sources */,
				20FAE67D233DFBE9003C73BA /* ProcessInfo+TinkEnvironmentVariables.swift in Sources */,
				8F0CE77F2332151700FB84B0 /* Client.swift in Sources */,
				20ED85832304081D006213BB /* Provider+GRPC.swift in Sources */,
				8F613A002334CB2D00BFB04D /* CredentialStatusPollingTask.swift in Sources */,
				200A3FA2230C3E7800BEF935 /* Metadata+Tink.swift in Sources */,
				200FD63F23154B660077181A /* Market.swift in Sources */,
				3373C0D823574CFE00555FC7 /* RetryCancellable.swift in Sources */,
				20ED856F2304003A006213BB /* Environment.swift in Sources */,
				20E68871234F0B7F00B4E04F /* date.pb.swift in Sources */,
				8F0CE77D2332151700FB84B0 /* CallCanceller.swift in Sources */,
				20E6DCD123336AE700476B8F /* MultiHandler.swift in Sources */,
				8FA35592231EADAB0054115D /* CredentialContext.swift in Sources */,
				8FA35590231EA3820054115D /* ProviderContext.swift in Sources */,
				20ED859623045896006213BB /* Credential.swift in Sources */,
				2027F01F2345E4850025473A /* AuthorizationCode.swift in Sources */,
				2027F0242345E5FD0025473A /* AuthorizationResponse.swift in Sources */,
				8FA35586231E673B0054115D /* TinkLink.swift in Sources */,
				3373C0D723574CFE00555FC7 /* Retriable.swift in Sources */,
				20ED85712304004C006213BB /* ProviderService.swift in Sources */,
				20ED858E2304151B006213BB /* CredentialService.swift in Sources */,
				8F84A77C2330D39600EA878F /* Locale+Extensions.swift in Sources */,
				201D5523230AEAA500641102 /* UserService.swift in Sources */,
				2027F02C2346421F0025473A /* SecTrust+Swift.swift in Sources */,
				20ED85412303FAEC006213BB /* rpc.pb.swift in Sources */,
				209D69282326878800B4DBB8 /* SupplementInformationTask.swift in Sources */,
				8F313E68235F001C0046D5DD /* UserContext.swift in Sources */,
				20C48F9523602479009CA39C /* User.swift in Sources */,
				20E6887B234F570C00B4E04F /* AuthorizationError.swift in Sources */,
				20ED857A230407B3006213BB /* Provider.swift in Sources */,
				8F9D0D9723671C680009EA3A /* AuthenticateResponse.swift in Sources */,
				203BE969232784440033F879 /* AddCredentialTask.swift in Sources */,
				20ED85422303FAEC006213BB /* models.pb.swift in Sources */,
				2027F02E2346423C0025473A /* SecCertificate+Swift.swift in Sources */,
				200A3F99230C31E900BEF935 /* AuthenticationService.swift in Sources */,
				200FD63D23154AFC0077181A /* AccessToken.swift in Sources */,
				20C3A77A2355B87A0048EBA4 /* ThirdPartyAppAuthenticationTask.swift in Sources */,
			);
			runOnlyForDeploymentPostprocessing = 0;
		};
		20ED85252303FA48006213BB /* Sources */ = {
			isa = PBXSourcesBuildPhase;
			buildActionMask = 2147483647;
			files = (
				20ED859023041679006213BB /* ProviderGRPCTests.swift in Sources */,
				20D129E2234E1737005C2D34 /* CredentialGRPCTests.swift in Sources */,
				20ED8588230408E6006213BB /* ClientTests.swift in Sources */,
				8FBAE71B237AD2230016DC6C /* ThirdPartyCallbackTests.swift in Sources */,
				20C300E92341D44F0004E284 /* ConfigurationTests.swift in Sources */,
				206B8DCF23350A8300693ED5 /* FormTests.swift in Sources */,
				20A5AF57234DC22F00063701 /* ProviderTreeTests.swift in Sources */,
			);
			runOnlyForDeploymentPostprocessing = 0;
		};
/* End PBXSourcesBuildPhase section */

/* Begin PBXTargetDependency section */
		20ED852C2303FA48006213BB /* PBXTargetDependency */ = {
			isa = PBXTargetDependency;
			target = 20ED851F2303FA48006213BB /* TinkLink */;
			targetProxy = 20ED852B2303FA48006213BB /* PBXContainerItemProxy */;
		};
/* End PBXTargetDependency section */

/* Begin XCBuildConfiguration section */
		20ED85322303FA48006213BB /* Debug */ = {
			isa = XCBuildConfiguration;
			buildSettings = {
				ALWAYS_SEARCH_USER_PATHS = NO;
				BUILD_LIBRARY_FOR_DISTRIBUTION = YES;
				CLANG_ANALYZER_NONNULL = YES;
				CLANG_ANALYZER_NUMBER_OBJECT_CONVERSION = YES_AGGRESSIVE;
				CLANG_CXX_LANGUAGE_STANDARD = "gnu++14";
				CLANG_CXX_LIBRARY = "libc++";
				CLANG_ENABLE_OBJC_ARC = YES;
				CLANG_ENABLE_OBJC_WEAK = YES;
				CLANG_WARN_BLOCK_CAPTURE_AUTORELEASING = YES;
				CLANG_WARN_BOOL_CONVERSION = YES;
				CLANG_WARN_COMMA = YES;
				CLANG_WARN_CONSTANT_CONVERSION = YES;
				CLANG_WARN_DEPRECATED_OBJC_IMPLEMENTATIONS = YES;
				CLANG_WARN_DIRECT_OBJC_ISA_USAGE = YES_ERROR;
				CLANG_WARN_DOCUMENTATION_COMMENTS = YES;
				CLANG_WARN_EMPTY_BODY = YES;
				CLANG_WARN_ENUM_CONVERSION = YES;
				CLANG_WARN_INFINITE_RECURSION = YES;
				CLANG_WARN_INT_CONVERSION = YES;
				CLANG_WARN_NON_LITERAL_NULL_CONVERSION = YES;
				CLANG_WARN_OBJC_IMPLICIT_RETAIN_SELF = YES;
				CLANG_WARN_OBJC_LITERAL_CONVERSION = YES;
				CLANG_WARN_OBJC_ROOT_CLASS = YES_ERROR;
				CLANG_WARN_RANGE_LOOP_ANALYSIS = YES;
				CLANG_WARN_STRICT_PROTOTYPES = YES;
				CLANG_WARN_SUSPICIOUS_MOVE = YES;
				CLANG_WARN_UNGUARDED_AVAILABILITY = YES_AGGRESSIVE;
				CLANG_WARN_UNREACHABLE_CODE = YES;
				CLANG_WARN__DUPLICATE_METHOD_MATCH = YES;
				CODE_SIGN_IDENTITY = "iPhone Developer";
				COPY_PHASE_STRIP = NO;
				CURRENT_PROJECT_VERSION = 1;
				DEBUG_INFORMATION_FORMAT = dwarf;
				ENABLE_STRICT_OBJC_MSGSEND = YES;
				ENABLE_TESTABILITY = YES;
				GCC_C_LANGUAGE_STANDARD = gnu11;
				GCC_DYNAMIC_NO_PIC = NO;
				GCC_NO_COMMON_BLOCKS = YES;
				GCC_OPTIMIZATION_LEVEL = 0;
				GCC_PREPROCESSOR_DEFINITIONS = (
					"DEBUG=1",
					"$(inherited)",
				);
				GCC_WARN_64_TO_32_BIT_CONVERSION = YES;
				GCC_WARN_ABOUT_RETURN_TYPE = YES_ERROR;
				GCC_WARN_UNDECLARED_SELECTOR = YES;
				GCC_WARN_UNINITIALIZED_AUTOS = YES_AGGRESSIVE;
				GCC_WARN_UNUSED_FUNCTION = YES;
				GCC_WARN_UNUSED_VARIABLE = YES;
				IPHONEOS_DEPLOYMENT_TARGET = 10.0;
				MTL_ENABLE_DEBUG_INFO = INCLUDE_SOURCE;
				MTL_FAST_MATH = YES;
				ONLY_ACTIVE_ARCH = YES;
				SDKROOT = iphoneos;
				SWIFT_ACTIVE_COMPILATION_CONDITIONS = DEBUG;
				SWIFT_INSTALL_OBJC_HEADER = NO;
				SWIFT_OPTIMIZATION_LEVEL = "-Onone";
				VERSIONING_SYSTEM = "apple-generic";
				VERSION_INFO_PREFIX = "";
			};
			name = Debug;
		};
		20ED85332303FA48006213BB /* Release */ = {
			isa = XCBuildConfiguration;
			buildSettings = {
				ALWAYS_SEARCH_USER_PATHS = NO;
				BUILD_LIBRARY_FOR_DISTRIBUTION = YES;
				CLANG_ANALYZER_NONNULL = YES;
				CLANG_ANALYZER_NUMBER_OBJECT_CONVERSION = YES_AGGRESSIVE;
				CLANG_CXX_LANGUAGE_STANDARD = "gnu++14";
				CLANG_CXX_LIBRARY = "libc++";
				CLANG_ENABLE_OBJC_ARC = YES;
				CLANG_ENABLE_OBJC_WEAK = YES;
				CLANG_WARN_BLOCK_CAPTURE_AUTORELEASING = YES;
				CLANG_WARN_BOOL_CONVERSION = YES;
				CLANG_WARN_COMMA = YES;
				CLANG_WARN_CONSTANT_CONVERSION = YES;
				CLANG_WARN_DEPRECATED_OBJC_IMPLEMENTATIONS = YES;
				CLANG_WARN_DIRECT_OBJC_ISA_USAGE = YES_ERROR;
				CLANG_WARN_DOCUMENTATION_COMMENTS = YES;
				CLANG_WARN_EMPTY_BODY = YES;
				CLANG_WARN_ENUM_CONVERSION = YES;
				CLANG_WARN_INFINITE_RECURSION = YES;
				CLANG_WARN_INT_CONVERSION = YES;
				CLANG_WARN_NON_LITERAL_NULL_CONVERSION = YES;
				CLANG_WARN_OBJC_IMPLICIT_RETAIN_SELF = YES;
				CLANG_WARN_OBJC_LITERAL_CONVERSION = YES;
				CLANG_WARN_OBJC_ROOT_CLASS = YES_ERROR;
				CLANG_WARN_RANGE_LOOP_ANALYSIS = YES;
				CLANG_WARN_STRICT_PROTOTYPES = YES;
				CLANG_WARN_SUSPICIOUS_MOVE = YES;
				CLANG_WARN_UNGUARDED_AVAILABILITY = YES_AGGRESSIVE;
				CLANG_WARN_UNREACHABLE_CODE = YES;
				CLANG_WARN__DUPLICATE_METHOD_MATCH = YES;
				CODE_SIGN_IDENTITY = "iPhone Developer";
				COPY_PHASE_STRIP = NO;
				CURRENT_PROJECT_VERSION = 1;
				DEBUG_INFORMATION_FORMAT = "dwarf-with-dsym";
				ENABLE_NS_ASSERTIONS = NO;
				ENABLE_STRICT_OBJC_MSGSEND = YES;
				GCC_C_LANGUAGE_STANDARD = gnu11;
				GCC_NO_COMMON_BLOCKS = YES;
				GCC_WARN_64_TO_32_BIT_CONVERSION = YES;
				GCC_WARN_ABOUT_RETURN_TYPE = YES_ERROR;
				GCC_WARN_UNDECLARED_SELECTOR = YES;
				GCC_WARN_UNINITIALIZED_AUTOS = YES_AGGRESSIVE;
				GCC_WARN_UNUSED_FUNCTION = YES;
				GCC_WARN_UNUSED_VARIABLE = YES;
				IPHONEOS_DEPLOYMENT_TARGET = 10.0;
				MTL_ENABLE_DEBUG_INFO = NO;
				MTL_FAST_MATH = YES;
				SDKROOT = iphoneos;
				SWIFT_COMPILATION_MODE = wholemodule;
				SWIFT_INSTALL_OBJC_HEADER = NO;
				SWIFT_OPTIMIZATION_LEVEL = "-O";
				VALIDATE_PRODUCT = YES;
				VERSIONING_SYSTEM = "apple-generic";
				VERSION_INFO_PREFIX = "";
			};
			name = Release;
		};
		20ED85352303FA48006213BB /* Debug */ = {
			isa = XCBuildConfiguration;
			buildSettings = {
				CODE_SIGN_IDENTITY = "";
				CODE_SIGN_STYLE = Automatic;
				DYLIB_COMPATIBILITY_VERSION = 1;
				DYLIB_CURRENT_VERSION = 1;
				DYLIB_INSTALL_NAME_BASE = "@rpath";
				FRAMEWORK_SEARCH_PATHS = (
					"$(inherited)",
					"$(PROJECT_DIR)/Carthage/Build/iOS",
				);
				INFOPLIST_FILE = "$(SRCROOT)/Sources/TinkLink/Info.plist";
				INSTALL_PATH = "$(LOCAL_LIBRARY_DIR)/Frameworks";
				LD_RUNPATH_SEARCH_PATHS = (
					"$(inherited)",
					"@executable_path/Frameworks",
					"@loader_path/Frameworks",
				);
				MARKETING_VERSION = 0.1.0;
				PRODUCT_BUNDLE_IDENTIFIER = com.tink.TinkLink;
				PRODUCT_NAME = TinkLink;
				SKIP_INSTALL = YES;
				SWIFT_INSTALL_OBJC_HEADER = YES;
				SWIFT_OPTIMIZATION_LEVEL = "-Onone";
				SWIFT_VERSION = 5.0;
				TARGETED_DEVICE_FAMILY = "1,2";
			};
			name = Debug;
		};
		20ED85362303FA48006213BB /* Release */ = {
			isa = XCBuildConfiguration;
			buildSettings = {
				CODE_SIGN_IDENTITY = "";
				CODE_SIGN_STYLE = Automatic;
				DYLIB_COMPATIBILITY_VERSION = 1;
				DYLIB_CURRENT_VERSION = 1;
				DYLIB_INSTALL_NAME_BASE = "@rpath";
				FRAMEWORK_SEARCH_PATHS = (
					"$(inherited)",
					"$(PROJECT_DIR)/Carthage/Build/iOS",
				);
				INFOPLIST_FILE = "$(SRCROOT)/Sources/TinkLink/Info.plist";
				INSTALL_PATH = "$(LOCAL_LIBRARY_DIR)/Frameworks";
				LD_RUNPATH_SEARCH_PATHS = (
					"$(inherited)",
					"@executable_path/Frameworks",
					"@loader_path/Frameworks",
				);
				MARKETING_VERSION = 0.1.0;
				PRODUCT_BUNDLE_IDENTIFIER = com.tink.TinkLink;
				PRODUCT_NAME = TinkLink;
				SKIP_INSTALL = YES;
				SWIFT_INSTALL_OBJC_HEADER = YES;
				SWIFT_VERSION = 5.0;
				TARGETED_DEVICE_FAMILY = "1,2";
			};
			name = Release;
		};
		20ED85382303FA48006213BB /* Debug */ = {
			isa = XCBuildConfiguration;
			buildSettings = {
				ALWAYS_EMBED_SWIFT_STANDARD_LIBRARIES = YES;
				CODE_SIGN_STYLE = Automatic;
				FRAMEWORK_SEARCH_PATHS = (
					"$(inherited)",
					"$(PROJECT_DIR)/Carthage/Build/iOS",
				);
				INFOPLIST_FILE = Tests/TinkLinkTests/Info.plist;
				LD_RUNPATH_SEARCH_PATHS = (
					"$(inherited)",
					"@executable_path/Frameworks",
					"@loader_path/Frameworks",
				);
				PRODUCT_BUNDLE_IDENTIFIER = com.tink.TinkLinkTests;
				PRODUCT_NAME = "$(TARGET_NAME)";
				SWIFT_VERSION = 5.0;
				TARGETED_DEVICE_FAMILY = "1,2";
			};
			name = Debug;
		};
		20ED85392303FA48006213BB /* Release */ = {
			isa = XCBuildConfiguration;
			buildSettings = {
				ALWAYS_EMBED_SWIFT_STANDARD_LIBRARIES = YES;
				CODE_SIGN_STYLE = Automatic;
				FRAMEWORK_SEARCH_PATHS = (
					"$(inherited)",
					"$(PROJECT_DIR)/Carthage/Build/iOS",
				);
				INFOPLIST_FILE = Tests/TinkLinkTests/Info.plist;
				LD_RUNPATH_SEARCH_PATHS = (
					"$(inherited)",
					"@executable_path/Frameworks",
					"@loader_path/Frameworks",
				);
				PRODUCT_BUNDLE_IDENTIFIER = com.tink.TinkLinkTests;
				PRODUCT_NAME = "$(TARGET_NAME)";
				SWIFT_VERSION = 5.0;
				TARGETED_DEVICE_FAMILY = "1,2";
			};
			name = Release;
		};
/* End XCBuildConfiguration section */

/* Begin XCConfigurationList section */
		20ED851A2303FA48006213BB /* Build configuration list for PBXProject "TinkLink" */ = {
			isa = XCConfigurationList;
			buildConfigurations = (
				20ED85322303FA48006213BB /* Debug */,
				20ED85332303FA48006213BB /* Release */,
			);
			defaultConfigurationIsVisible = 0;
			defaultConfigurationName = Release;
		};
		20ED85342303FA48006213BB /* Build configuration list for PBXNativeTarget "TinkLink" */ = {
			isa = XCConfigurationList;
			buildConfigurations = (
				20ED85352303FA48006213BB /* Debug */,
				20ED85362303FA48006213BB /* Release */,
			);
			defaultConfigurationIsVisible = 0;
			defaultConfigurationName = Release;
		};
		20ED85372303FA48006213BB /* Build configuration list for PBXNativeTarget "TinkLinkTests" */ = {
			isa = XCConfigurationList;
			buildConfigurations = (
				20ED85382303FA48006213BB /* Debug */,
				20ED85392303FA48006213BB /* Release */,
			);
			defaultConfigurationIsVisible = 0;
			defaultConfigurationName = Release;
		};
/* End XCConfigurationList section */
	};
	rootObject = 20ED85172303FA48006213BB /* Project object */;
}
