// !$*UTF8*$!
{
	archiveVersion = 1;
	classes = {
	};
	objectVersion = 50;
	objects = {

/* Begin PBXBuildFile section */
		201D5511230AC95D00641102 /* AppDelegate.swift in Sources */ = {isa = PBXBuildFile; fileRef = 201D5510230AC95D00641102 /* AppDelegate.swift */; };
		201D5513230AC95D00641102 /* ProviderListViewController.swift in Sources */ = {isa = PBXBuildFile; fileRef = 201D5512230AC95D00641102 /* ProviderListViewController.swift */; };
		201D5518230AC95E00641102 /* Assets.xcassets in Resources */ = {isa = PBXBuildFile; fileRef = 201D5517230AC95E00641102 /* Assets.xcassets */; };
		201D551B230AC95E00641102 /* LaunchScreen.storyboard in Resources */ = {isa = PBXBuildFile; fileRef = 201D5519230AC95E00641102 /* LaunchScreen.storyboard */; };
		2023EB1F232268C400B219A3 /* AddCredentialStatusViewController.swift in Sources */ = {isa = PBXBuildFile; fileRef = 2023EB1E232268C400B219A3 /* AddCredentialStatusViewController.swift */; };
		7C4076BB87A7E08D9AF89D2B /* Pods_ProviderSelection.framework in Frameworks */ = {isa = PBXBuildFile; fileRef = 721C3816EEFC9F33462E6DCE /* Pods_ProviderSelection.framework */; };
		8F576A2923228BE300A81E8E /* ValueTableViewCell.swift in Sources */ = {isa = PBXBuildFile; fileRef = 8F576A2823228BE300A81E8E /* ValueTableViewCell.swift */; };
		8FA5F824230BD13800226C02 /* FinancialInstitutionPickerViewController.swift in Sources */ = {isa = PBXBuildFile; fileRef = 8FA5F823230BD13800226C02 /* FinancialInstitutionPickerViewController.swift */; };
		8FA5F826230BE85100226C02 /* AccessTypePickerViewController.swift in Sources */ = {isa = PBXBuildFile; fileRef = 8FA5F825230BE85100226C02 /* AccessTypePickerViewController.swift */; };
		8FA5F828230C069500226C02 /* CredentialTypePickerViewController.swift in Sources */ = {isa = PBXBuildFile; fileRef = 8FA5F827230C069500226C02 /* CredentialTypePickerViewController.swift */; };
		8FA5F830230D36AB00226C02 /* AddCredentialViewController.swift in Sources */ = {isa = PBXBuildFile; fileRef = 8FA5F82F230D36AB00226C02 /* AddCredentialViewController.swift */; };
		8FA5F834230D84B900226C02 /* TextFieldCell.swift in Sources */ = {isa = PBXBuildFile; fileRef = 8FA5F833230D84B900226C02 /* TextFieldCell.swift */; };
		8FA5F836230E9DEF00226C02 /* SupplementalInformationViewController.swift in Sources */ = {isa = PBXBuildFile; fileRef = 8FA5F835230E9DEF00226C02 /* SupplementalInformationViewController.swift */; };
		8FA5F83E230EDA5B00226C02 /* FinishedCredentialUpdatedViewController.swift in Sources */ = {isa = PBXBuildFile; fileRef = 8FA5F83D230EDA5B00226C02 /* FinishedCredentialUpdatedViewController.swift */; };
/* End PBXBuildFile section */

/* Begin PBXFileReference section */
		201D550D230AC95D00641102 /* ProviderSelection.app */ = {isa = PBXFileReference; explicitFileType = wrapper.application; includeInIndex = 0; path = ProviderSelection.app; sourceTree = BUILT_PRODUCTS_DIR; };
		201D5510230AC95D00641102 /* AppDelegate.swift */ = {isa = PBXFileReference; lastKnownFileType = sourcecode.swift; path = AppDelegate.swift; sourceTree = "<group>"; };
		201D5512230AC95D00641102 /* ProviderListViewController.swift */ = {isa = PBXFileReference; lastKnownFileType = sourcecode.swift; path = ProviderListViewController.swift; sourceTree = "<group>"; };
		201D5517230AC95E00641102 /* Assets.xcassets */ = {isa = PBXFileReference; lastKnownFileType = folder.assetcatalog; path = Assets.xcassets; sourceTree = "<group>"; };
		201D551A230AC95E00641102 /* Base */ = {isa = PBXFileReference; lastKnownFileType = file.storyboard; name = Base; path = Base.lproj/LaunchScreen.storyboard; sourceTree = "<group>"; };
		201D551C230AC95E00641102 /* Info.plist */ = {isa = PBXFileReference; lastKnownFileType = text.plist.xml; path = Info.plist; sourceTree = "<group>"; };
		2023EB1E232268C400B219A3 /* AddCredentialStatusViewController.swift */ = {isa = PBXFileReference; lastKnownFileType = sourcecode.swift; path = AddCredentialStatusViewController.swift; sourceTree = "<group>"; };
		61B26BF5DAF2FC35AB93DC98 /* Pods-ProviderSelection.debug.xcconfig */ = {isa = PBXFileReference; includeInIndex = 1; lastKnownFileType = text.xcconfig; name = "Pods-ProviderSelection.debug.xcconfig"; path = "Target Support Files/Pods-ProviderSelection/Pods-ProviderSelection.debug.xcconfig"; sourceTree = "<group>"; };
		721C3816EEFC9F33462E6DCE /* Pods_ProviderSelection.framework */ = {isa = PBXFileReference; explicitFileType = wrapper.framework; includeInIndex = 0; path = Pods_ProviderSelection.framework; sourceTree = BUILT_PRODUCTS_DIR; };
		8F576A2823228BE300A81E8E /* ValueTableViewCell.swift */ = {isa = PBXFileReference; fileEncoding = 4; lastKnownFileType = sourcecode.swift; path = ValueTableViewCell.swift; sourceTree = "<group>"; };
		8FA5F823230BD13800226C02 /* FinancialInstitutionPickerViewController.swift */ = {isa = PBXFileReference; lastKnownFileType = sourcecode.swift; path = FinancialInstitutionPickerViewController.swift; sourceTree = "<group>"; };
		8FA5F825230BE85100226C02 /* AccessTypePickerViewController.swift */ = {isa = PBXFileReference; lastKnownFileType = sourcecode.swift; path = AccessTypePickerViewController.swift; sourceTree = "<group>"; };
		8FA5F827230C069500226C02 /* CredentialTypePickerViewController.swift */ = {isa = PBXFileReference; lastKnownFileType = sourcecode.swift; path = CredentialTypePickerViewController.swift; sourceTree = "<group>"; };
		8FA5F82F230D36AB00226C02 /* AddCredentialViewController.swift */ = {isa = PBXFileReference; fileEncoding = 4; lastKnownFileType = sourcecode.swift; path = AddCredentialViewController.swift; sourceTree = "<group>"; };
		8FA5F833230D84B900226C02 /* TextFieldCell.swift */ = {isa = PBXFileReference; lastKnownFileType = sourcecode.swift; path = TextFieldCell.swift; sourceTree = "<group>"; };
		8FA5F835230E9DEF00226C02 /* SupplementalInformationViewController.swift */ = {isa = PBXFileReference; lastKnownFileType = sourcecode.swift; path = SupplementalInformationViewController.swift; sourceTree = "<group>"; };
		8FA5F83D230EDA5B00226C02 /* FinishedCredentialUpdatedViewController.swift */ = {isa = PBXFileReference; lastKnownFileType = sourcecode.swift; path = FinishedCredentialUpdatedViewController.swift; sourceTree = "<group>"; };
		C2228129CC6DE436D8BA8417 /* Pods-ProviderSelection.release.xcconfig */ = {isa = PBXFileReference; includeInIndex = 1; lastKnownFileType = text.xcconfig; name = "Pods-ProviderSelection.release.xcconfig"; path = "Target Support Files/Pods-ProviderSelection/Pods-ProviderSelection.release.xcconfig"; sourceTree = "<group>"; };
/* End PBXFileReference section */

/* Begin PBXFrameworksBuildPhase section */
		201D550A230AC95D00641102 /* Frameworks */ = {
			isa = PBXFrameworksBuildPhase;
			buildActionMask = 2147483647;
			files = (
				7C4076BB87A7E08D9AF89D2B /* Pods_ProviderSelection.framework in Frameworks */,
			);
			runOnlyForDeploymentPostprocessing = 0;
		};
/* End PBXFrameworksBuildPhase section */

/* Begin PBXGroup section */
		201D5504230AC95D00641102 = {
			isa = PBXGroup;
			children = (
				201D550F230AC95D00641102 /* ProviderSelection */,
				201D550E230AC95D00641102 /* Products */,
				66C7AAAAEC3C93F6A5F2CA94 /* Pods */,
				220375E318466B44E90DA3AA /* Frameworks */,
			);
			sourceTree = "<group>";
		};
		201D550E230AC95D00641102 /* Products */ = {
			isa = PBXGroup;
			children = (
				201D550D230AC95D00641102 /* ProviderSelection.app */,
			);
			name = Products;
			sourceTree = "<group>";
		};
		201D550F230AC95D00641102 /* ProviderSelection */ = {
			isa = PBXGroup;
			children = (
				201D5510230AC95D00641102 /* AppDelegate.swift */,
				8FA35583231D3E690054115D /* ProviderViewControllers */,
				8FBA6C582313E8A900A98BA8 /* CredentialViewControllers */,
				8FBA6C572313DE8F00A98BA8 /* Cell */,
				201D5517230AC95E00641102 /* Assets.xcassets */,
				201D5519230AC95E00641102 /* LaunchScreen.storyboard */,
				201D551C230AC95E00641102 /* Info.plist */,
			);
			path = ProviderSelection;
			sourceTree = "<group>";
		};
		220375E318466B44E90DA3AA /* Frameworks */ = {
			isa = PBXGroup;
			children = (
				721C3816EEFC9F33462E6DCE /* Pods_ProviderSelection.framework */,
			);
			name = Frameworks;
			sourceTree = "<group>";
		};
		66C7AAAAEC3C93F6A5F2CA94 /* Pods */ = {
			isa = PBXGroup;
			children = (
				61B26BF5DAF2FC35AB93DC98 /* Pods-ProviderSelection.debug.xcconfig */,
				C2228129CC6DE436D8BA8417 /* Pods-ProviderSelection.release.xcconfig */,
			);
			path = Pods;
			sourceTree = "<group>";
		};
		8FA35583231D3E690054115D /* ProviderViewControllers */ = {
			isa = PBXGroup;
			children = (
				201D5512230AC95D00641102 /* ProviderListViewController.swift */,
				8FA5F823230BD13800226C02 /* FinancialInstitutionPickerViewController.swift */,
				8FA5F825230BE85100226C02 /* AccessTypePickerViewController.swift */,
				8FA5F827230C069500226C02 /* CredentialTypePickerViewController.swift */,
			);
			path = ProviderViewControllers;
			sourceTree = "<group>";
		};
		8FBA6C572313DE8F00A98BA8 /* Cell */ = {
			isa = PBXGroup;
			children = (
				8FA5F833230D84B900226C02 /* TextFieldCell.swift */,
				8F576A2823228BE300A81E8E /* ValueTableViewCell.swift */,
			);
			path = Cell;
			sourceTree = "<group>";
		};
		8FBA6C582313E8A900A98BA8 /* CredentialViewControllers */ = {
			isa = PBXGroup;
			children = (
				8FA5F82F230D36AB00226C02 /* AddCredentialViewController.swift */,
				8FA5F835230E9DEF00226C02 /* SupplementalInformationViewController.swift */,
				2023EB1E232268C400B219A3 /* AddCredentialStatusViewController.swift */,
				8FA5F83D230EDA5B00226C02 /* FinishedCredentialUpdatedViewController.swift */,
			);
			path = CredentialViewControllers;
			sourceTree = "<group>";
		};
/* End PBXGroup section */

/* Begin PBXNativeTarget section */
		201D550C230AC95D00641102 /* ProviderSelection */ = {
			isa = PBXNativeTarget;
			buildConfigurationList = 201D551F230AC95E00641102 /* Build configuration list for PBXNativeTarget "ProviderSelection" */;
			buildPhases = (
				901A1053DAA1D6E71DDD8ECB /* [CP] Check Pods Manifest.lock */,
				201D5509230AC95D00641102 /* Sources */,
				201D550A230AC95D00641102 /* Frameworks */,
				201D550B230AC95D00641102 /* Resources */,
				A2E3DF986DF82F43F0C4193E /* [CP] Embed Pods Frameworks */,
			);
			buildRules = (
			);
			dependencies = (
			);
			name = ProviderSelection;
			productName = ProviderSelection;
			productReference = 201D550D230AC95D00641102 /* ProviderSelection.app */;
			productType = "com.apple.product-type.application";
		};
/* End PBXNativeTarget section */

/* Begin PBXProject section */
		201D5505230AC95D00641102 /* Project object */ = {
			isa = PBXProject;
			attributes = {
				LastSwiftUpdateCheck = 1030;
				LastUpgradeCheck = 1030;
				ORGANIZATIONNAME = Tink;
				TargetAttributes = {
					201D550C230AC95D00641102 = {
						CreatedOnToolsVersion = 10.3;
					};
				};
			};
			buildConfigurationList = 201D5508230AC95D00641102 /* Build configuration list for PBXProject "ProviderSelection" */;
			compatibilityVersion = "Xcode 9.3";
			developmentRegion = en;
			hasScannedForEncodings = 0;
			knownRegions = (
				en,
				Base,
			);
			mainGroup = 201D5504230AC95D00641102;
			productRefGroup = 201D550E230AC95D00641102 /* Products */;
			projectDirPath = "";
			projectRoot = "";
			targets = (
				201D550C230AC95D00641102 /* ProviderSelection */,
			);
		};
/* End PBXProject section */

/* Begin PBXResourcesBuildPhase section */
		201D550B230AC95D00641102 /* Resources */ = {
			isa = PBXResourcesBuildPhase;
			buildActionMask = 2147483647;
			files = (
				201D551B230AC95E00641102 /* LaunchScreen.storyboard in Resources */,
				201D5518230AC95E00641102 /* Assets.xcassets in Resources */,
			);
			runOnlyForDeploymentPostprocessing = 0;
		};
/* End PBXResourcesBuildPhase section */

/* Begin PBXShellScriptBuildPhase section */
		901A1053DAA1D6E71DDD8ECB /* [CP] Check Pods Manifest.lock */ = {
			isa = PBXShellScriptBuildPhase;
			buildActionMask = 2147483647;
			files = (
			);
			inputFileListPaths = (
			);
			inputPaths = (
				"${PODS_PODFILE_DIR_PATH}/Podfile.lock",
				"${PODS_ROOT}/Manifest.lock",
			);
			name = "[CP] Check Pods Manifest.lock";
			outputFileListPaths = (
			);
			outputPaths = (
				"$(DERIVED_FILE_DIR)/Pods-ProviderSelection-checkManifestLockResult.txt",
			);
			runOnlyForDeploymentPostprocessing = 0;
			shellPath = /bin/sh;
			shellScript = "diff \"${PODS_PODFILE_DIR_PATH}/Podfile.lock\" \"${PODS_ROOT}/Manifest.lock\" > /dev/null\nif [ $? != 0 ] ; then\n    # print error to STDERR\n    echo \"error: The sandbox is not in sync with the Podfile.lock. Run 'pod install' or update your CocoaPods installation.\" >&2\n    exit 1\nfi\n# This output is used by Xcode 'outputs' to avoid re-running this script phase.\necho \"SUCCESS\" > \"${SCRIPT_OUTPUT_FILE_0}\"\n";
			showEnvVarsInLog = 0;
		};
		A2E3DF986DF82F43F0C4193E /* [CP] Embed Pods Frameworks */ = {
			isa = PBXShellScriptBuildPhase;
			buildActionMask = 2147483647;
			files = (
			);
			inputFileListPaths = (
			);
			name = "[CP] Embed Pods Frameworks";
			outputFileListPaths = (
			);
			runOnlyForDeploymentPostprocessing = 0;
			shellPath = /bin/sh;
			shellScript = "\"${PODS_ROOT}/Target Support Files/Pods-ProviderSelection/Pods-ProviderSelection-frameworks.sh\"\n";
			showEnvVarsInLog = 0;
		};
/* End PBXShellScriptBuildPhase section */

/* Begin PBXSourcesBuildPhase section */
		201D5509230AC95D00641102 /* Sources */ = {
			isa = PBXSourcesBuildPhase;
			buildActionMask = 2147483647;
			files = (
				8FA5F83E230EDA5B00226C02 /* FinishedCredentialUpdatedViewController.swift in Sources */,
				8FA5F826230BE85100226C02 /* AccessTypePickerViewController.swift in Sources */,
				8FA5F824230BD13800226C02 /* FinancialInstitutionPickerViewController.swift in Sources */,
				8FA5F828230C069500226C02 /* CredentialTypePickerViewController.swift in Sources */,
				2023EB1F232268C400B219A3 /* AddCredentialStatusViewController.swift in Sources */,
				8FA5F834230D84B900226C02 /* TextFieldCell.swift in Sources */,
				8F576A2923228BE300A81E8E /* ValueTableViewCell.swift in Sources */,
				8FA5F830230D36AB00226C02 /* AddCredentialViewController.swift in Sources */,
				201D5513230AC95D00641102 /* ProviderListViewController.swift in Sources */,
				201D5511230AC95D00641102 /* AppDelegate.swift in Sources */,
				8FA5F836230E9DEF00226C02 /* SupplementalInformationViewController.swift in Sources */,
			);
			runOnlyForDeploymentPostprocessing = 0;
		};
/* End PBXSourcesBuildPhase section */

/* Begin PBXVariantGroup section */
		201D5519230AC95E00641102 /* LaunchScreen.storyboard */ = {
			isa = PBXVariantGroup;
			children = (
				201D551A230AC95E00641102 /* Base */,
			);
			name = LaunchScreen.storyboard;
			sourceTree = "<group>";
		};
/* End PBXVariantGroup section */

/* Begin XCBuildConfiguration section */
		201D551D230AC95E00641102 /* Debug */ = {
			isa = XCBuildConfiguration;
			buildSettings = {
				ALWAYS_SEARCH_USER_PATHS = NO;
				CLANG_ANALYZER_NONNULL = YES;
				CLANG_ANALYZER_NUMBER_OBJECT_CONVERSION = YES_AGGRESSIVE;
				CLANG_CXX_LANGUAGE_STANDARD = "gnu++14";
				CLANG_CXX_LIBRARY = "libc++";
				CLANG_ENABLE_MODULES = YES;
				CLANG_ENABLE_OBJC_ARC = YES;
				CLANG_ENABLE_OBJC_WEAK = YES;
				CLANG_WARN_BLOCK_CAPTURE_AUTORELEASING = YES;
				CLANG_WARN_BOOL_CONVERSION = YES;
				CLANG_WARN_COMMA = YES;
				CLANG_WARN_CONSTANT_CONVERSION = YES;
				CLANG_WARN_DEPRECATED_OBJC_IMPLEMENTATIONS = YES;
				CLANG_WARN_DIRECT_OBJC_ISA_USAGE = YES_ERROR;
				CLANG_WARN_DOCUMENTATION_COMMENTS = YES;
				CLANG_WARN_EMPTY_BODY = YES;
				CLANG_WARN_ENUM_CONVERSION = YES;
				CLANG_WARN_INFINITE_RECURSION = YES;
				CLANG_WARN_INT_CONVERSION = YES;
				CLANG_WARN_NON_LITERAL_NULL_CONVERSION = YES;
				CLANG_WARN_OBJC_IMPLICIT_RETAIN_SELF = YES;
				CLANG_WARN_OBJC_LITERAL_CONVERSION = YES;
				CLANG_WARN_OBJC_ROOT_CLASS = YES_ERROR;
				CLANG_WARN_RANGE_LOOP_ANALYSIS = YES;
				CLANG_WARN_STRICT_PROTOTYPES = YES;
				CLANG_WARN_SUSPICIOUS_MOVE = YES;
				CLANG_WARN_UNGUARDED_AVAILABILITY = YES_AGGRESSIVE;
				CLANG_WARN_UNREACHABLE_CODE = YES;
				CLANG_WARN__DUPLICATE_METHOD_MATCH = YES;
				CODE_SIGN_IDENTITY = "iPhone Developer";
				COPY_PHASE_STRIP = NO;
				DEBUG_INFORMATION_FORMAT = dwarf;
				ENABLE_STRICT_OBJC_MSGSEND = YES;
				ENABLE_TESTABILITY = YES;
				GCC_C_LANGUAGE_STANDARD = gnu11;
				GCC_DYNAMIC_NO_PIC = NO;
				GCC_NO_COMMON_BLOCKS = YES;
				GCC_OPTIMIZATION_LEVEL = 0;
				GCC_PREPROCESSOR_DEFINITIONS = (
					"DEBUG=1",
					"$(inherited)",
				);
				GCC_WARN_64_TO_32_BIT_CONVERSION = YES;
				GCC_WARN_ABOUT_RETURN_TYPE = YES_ERROR;
				GCC_WARN_UNDECLARED_SELECTOR = YES;
				GCC_WARN_UNINITIALIZED_AUTOS = YES_AGGRESSIVE;
				GCC_WARN_UNUSED_FUNCTION = YES;
				GCC_WARN_UNUSED_VARIABLE = YES;
				IPHONEOS_DEPLOYMENT_TARGET = 12.4;
				MTL_ENABLE_DEBUG_INFO = INCLUDE_SOURCE;
				MTL_FAST_MATH = YES;
				ONLY_ACTIVE_ARCH = YES;
				SDKROOT = iphoneos;
				SWIFT_ACTIVE_COMPILATION_CONDITIONS = DEBUG;
				SWIFT_OPTIMIZATION_LEVEL = "-Onone";
			};
			name = Debug;
		};
		201D551E230AC95E00641102 /* Release */ = {
			isa = XCBuildConfiguration;
			buildSettings = {
				ALWAYS_SEARCH_USER_PATHS = NO;
				CLANG_ANALYZER_NONNULL = YES;
				CLANG_ANALYZER_NUMBER_OBJECT_CONVERSION = YES_AGGRESSIVE;
				CLANG_CXX_LANGUAGE_STANDARD = "gnu++14";
				CLANG_CXX_LIBRARY = "libc++";
				CLANG_ENABLE_MODULES = YES;
				CLANG_ENABLE_OBJC_ARC = YES;
				CLANG_ENABLE_OBJC_WEAK = YES;
				CLANG_WARN_BLOCK_CAPTURE_AUTORELEASING = YES;
				CLANG_WARN_BOOL_CONVERSION = YES;
				CLANG_WARN_COMMA = YES;
				CLANG_WARN_CONSTANT_CONVERSION = YES;
				CLANG_WARN_DEPRECATED_OBJC_IMPLEMENTATIONS = YES;
				CLANG_WARN_DIRECT_OBJC_ISA_USAGE = YES_ERROR;
				CLANG_WARN_DOCUMENTATION_COMMENTS = YES;
				CLANG_WARN_EMPTY_BODY = YES;
				CLANG_WARN_ENUM_CONVERSION = YES;
				CLANG_WARN_INFINITE_RECURSION = YES;
				CLANG_WARN_INT_CONVERSION = YES;
				CLANG_WARN_NON_LITERAL_NULL_CONVERSION = YES;
				CLANG_WARN_OBJC_IMPLICIT_RETAIN_SELF = YES;
				CLANG_WARN_OBJC_LITERAL_CONVERSION = YES;
				CLANG_WARN_OBJC_ROOT_CLASS = YES_ERROR;
				CLANG_WARN_RANGE_LOOP_ANALYSIS = YES;
				CLANG_WARN_STRICT_PROTOTYPES = YES;
				CLANG_WARN_SUSPICIOUS_MOVE = YES;
				CLANG_WARN_UNGUARDED_AVAILABILITY = YES_AGGRESSIVE;
				CLANG_WARN_UNREACHABLE_CODE = YES;
				CLANG_WARN__DUPLICATE_METHOD_MATCH = YES;
				CODE_SIGN_IDENTITY = "iPhone Developer";
				COPY_PHASE_STRIP = NO;
				DEBUG_INFORMATION_FORMAT = "dwarf-with-dsym";
				ENABLE_NS_ASSERTIONS = NO;
				ENABLE_STRICT_OBJC_MSGSEND = YES;
				GCC_C_LANGUAGE_STANDARD = gnu11;
				GCC_NO_COMMON_BLOCKS = YES;
				GCC_WARN_64_TO_32_BIT_CONVERSION = YES;
				GCC_WARN_ABOUT_RETURN_TYPE = YES_ERROR;
				GCC_WARN_UNDECLARED_SELECTOR = YES;
				GCC_WARN_UNINITIALIZED_AUTOS = YES_AGGRESSIVE;
				GCC_WARN_UNUSED_FUNCTION = YES;
				GCC_WARN_UNUSED_VARIABLE = YES;
				IPHONEOS_DEPLOYMENT_TARGET = 12.4;
				MTL_ENABLE_DEBUG_INFO = NO;
				MTL_FAST_MATH = YES;
				SDKROOT = iphoneos;
				SWIFT_COMPILATION_MODE = wholemodule;
				SWIFT_OPTIMIZATION_LEVEL = "-O";
				VALIDATE_PRODUCT = YES;
			};
			name = Release;
		};
		201D5520230AC95E00641102 /* Debug */ = {
			isa = XCBuildConfiguration;
			baseConfigurationReference = 61B26BF5DAF2FC35AB93DC98 /* Pods-ProviderSelection.debug.xcconfig */;
			buildSettings = {
				ASSETCATALOG_COMPILER_APPICON_NAME = AppIcon;
				CODE_SIGN_STYLE = Automatic;
				INFOPLIST_FILE = ProviderSelection/Info.plist;
				LD_RUNPATH_SEARCH_PATHS = (
					"$(inherited)",
					"@executable_path/Frameworks",
				);
				PRODUCT_BUNDLE_IDENTIFIER = com.tink.ProviderSelection;
				PRODUCT_NAME = "$(TARGET_NAME)";
				SWIFT_VERSION = 5.0;
				TARGETED_DEVICE_FAMILY = "1,2";
			};
			name = Debug;
		};
		201D5521230AC95E00641102 /* Release */ = {
			isa = XCBuildConfiguration;
			baseConfigurationReference = C2228129CC6DE436D8BA8417 /* Pods-ProviderSelection.release.xcconfig */;
			buildSettings = {
				ASSETCATALOG_COMPILER_APPICON_NAME = AppIcon;
				CODE_SIGN_STYLE = Automatic;
				INFOPLIST_FILE = ProviderSelection/Info.plist;
				LD_RUNPATH_SEARCH_PATHS = (
					"$(inherited)",
					"@executable_path/Frameworks",
				);
				PRODUCT_BUNDLE_IDENTIFIER = com.tink.ProviderSelection;
				PRODUCT_NAME = "$(TARGET_NAME)";
				SWIFT_VERSION = 5.0;
				TARGETED_DEVICE_FAMILY = "1,2";
			};
			name = Release;
		};
/* End XCBuildConfiguration section */

/* Begin XCConfigurationList section */
		201D5508230AC95D00641102 /* Build configuration list for PBXProject "ProviderSelection" */ = {
			isa = XCConfigurationList;
			buildConfigurations = (
				201D551D230AC95E00641102 /* Debug */,
				201D551E230AC95E00641102 /* Release */,
			);
			defaultConfigurationIsVisible = 0;
			defaultConfigurationName = Release;
		};
		201D551F230AC95E00641102 /* Build configuration list for PBXNativeTarget "ProviderSelection" */ = {
			isa = XCConfigurationList;
			buildConfigurations = (
				201D5520230AC95E00641102 /* Debug */,
				201D5521230AC95E00641102 /* Release */,
			);
			defaultConfigurationIsVisible = 0;
			defaultConfigurationName = Release;
		};
/* End XCConfigurationList section */
	};
	rootObject = 201D5505230AC95D00641102 /* Project object */;
}
